# THIS IS AN AUTOGENERATED FILE. DO NOT EDIT THIS FILE DIRECTLY.
# yarn lockfile v1


"@esbuild/android-arm64@0.17.19":
  version "0.17.19"
  resolved "https://registry.yarnpkg.com/@esbuild/android-arm64/-/android-arm64-0.17.19.tgz#bafb75234a5d3d1b690e7c2956a599345e84a2fd"
  integrity sha512-KBMWvEZooR7+kzY0BtbTQn0OAYY7CsiydT63pVEaPtVYF0hXbUaOyZog37DKxK7NF3XacBJOpYT4adIJh+avxA==

"@esbuild/android-arm@0.17.19":
  version "0.17.19"
  resolved "https://registry.yarnpkg.com/@esbuild/android-arm/-/android-arm-0.17.19.tgz#5898f7832c2298bc7d0ab53701c57beb74d78b4d"
  integrity sha512-rIKddzqhmav7MSmoFCmDIb6e2W57geRsM94gV2l38fzhXMwq7hZoClug9USI2pFRGL06f4IOPHHpFNOkWieR8A==

"@esbuild/android-x64@0.17.19":
  version "0.17.19"
  resolved "https://registry.yarnpkg.com/@esbuild/android-x64/-/android-x64-0.17.19.tgz#658368ef92067866d95fb268719f98f363d13ae1"
  integrity sha512-uUTTc4xGNDT7YSArp/zbtmbhO0uEEK9/ETW29Wk1thYUJBz3IVnvgEiEwEa9IeLyvnpKrWK64Utw2bgUmDveww==

"@esbuild/darwin-arm64@0.17.19":
  version "0.17.19"
  resolved "https://registry.yarnpkg.com/@esbuild/darwin-arm64/-/darwin-arm64-0.17.19.tgz#584c34c5991b95d4d48d333300b1a4e2ff7be276"
  integrity sha512-80wEoCfF/hFKM6WE1FyBHc9SfUblloAWx6FJkFWTWiCoht9Mc0ARGEM47e67W9rI09YoUxJL68WHfDRYEAvOhg==

"@esbuild/darwin-x64@0.17.19":
  version "0.17.19"
  resolved "https://registry.yarnpkg.com/@esbuild/darwin-x64/-/darwin-x64-0.17.19.tgz#7751d236dfe6ce136cce343dce69f52d76b7f6cb"
  integrity sha512-IJM4JJsLhRYr9xdtLytPLSH9k/oxR3boaUIYiHkAawtwNOXKE8KoU8tMvryogdcT8AU+Bflmh81Xn6Q0vTZbQw==

"@esbuild/freebsd-arm64@0.17.19":
  version "0.17.19"
  resolved "https://registry.yarnpkg.com/@esbuild/freebsd-arm64/-/freebsd-arm64-0.17.19.tgz#cacd171665dd1d500f45c167d50c6b7e539d5fd2"
  integrity sha512-pBwbc7DufluUeGdjSU5Si+P3SoMF5DQ/F/UmTSb8HXO80ZEAJmrykPyzo1IfNbAoaqw48YRpv8shwd1NoI0jcQ==

"@esbuild/freebsd-x64@0.17.19":
  version "0.17.19"
  resolved "https://registry.yarnpkg.com/@esbuild/freebsd-x64/-/freebsd-x64-0.17.19.tgz#0769456eee2a08b8d925d7c00b79e861cb3162e4"
  integrity sha512-4lu+n8Wk0XlajEhbEffdy2xy53dpR06SlzvhGByyg36qJw6Kpfk7cp45DR/62aPH9mtJRmIyrXAS5UWBrJT6TQ==

"@esbuild/linux-arm64@0.17.19":
  version "0.17.19"
  resolved "https://registry.yarnpkg.com/@esbuild/linux-arm64/-/linux-arm64-0.17.19.tgz#38e162ecb723862c6be1c27d6389f48960b68edb"
  integrity sha512-ct1Tg3WGwd3P+oZYqic+YZF4snNl2bsnMKRkb3ozHmnM0dGWuxcPTTntAF6bOP0Sp4x0PjSF+4uHQ1xvxfRKqg==

"@esbuild/linux-arm@0.17.19":
  version "0.17.19"
  resolved "https://registry.yarnpkg.com/@esbuild/linux-arm/-/linux-arm-0.17.19.tgz#1a2cd399c50040184a805174a6d89097d9d1559a"
  integrity sha512-cdmT3KxjlOQ/gZ2cjfrQOtmhG4HJs6hhvm3mWSRDPtZ/lP5oe8FWceS10JaSJC13GBd4eH/haHnqf7hhGNLerA==

"@esbuild/linux-ia32@0.17.19":
  version "0.17.19"
  resolved "https://registry.yarnpkg.com/@esbuild/linux-ia32/-/linux-ia32-0.17.19.tgz#e28c25266b036ce1cabca3c30155222841dc035a"
  integrity sha512-w4IRhSy1VbsNxHRQpeGCHEmibqdTUx61Vc38APcsRbuVgK0OPEnQ0YD39Brymn96mOx48Y2laBQGqgZ0j9w6SQ==

"@esbuild/linux-loong64@0.17.19":
  version "0.17.19"
  resolved "https://registry.yarnpkg.com/@esbuild/linux-loong64/-/linux-loong64-0.17.19.tgz#0f887b8bb3f90658d1a0117283e55dbd4c9dcf72"
  integrity sha512-2iAngUbBPMq439a+z//gE+9WBldoMp1s5GWsUSgqHLzLJ9WoZLZhpwWuym0u0u/4XmZ3gpHmzV84PonE+9IIdQ==

"@esbuild/linux-mips64el@0.17.19":
  version "0.17.19"
  resolved "https://registry.yarnpkg.com/@esbuild/linux-mips64el/-/linux-mips64el-0.17.19.tgz#f5d2a0b8047ea9a5d9f592a178ea054053a70289"
  integrity sha512-LKJltc4LVdMKHsrFe4MGNPp0hqDFA1Wpt3jE1gEyM3nKUvOiO//9PheZZHfYRfYl6AwdTH4aTcXSqBerX0ml4A==

"@esbuild/linux-ppc64@0.17.19":
  version "0.17.19"
  resolved "https://registry.yarnpkg.com/@esbuild/linux-ppc64/-/linux-ppc64-0.17.19.tgz#876590e3acbd9fa7f57a2c7d86f83717dbbac8c7"
  integrity sha512-/c/DGybs95WXNS8y3Ti/ytqETiW7EU44MEKuCAcpPto3YjQbyK3IQVKfF6nbghD7EcLUGl0NbiL5Rt5DMhn5tg==

"@esbuild/linux-riscv64@0.17.19":
  version "0.17.19"
  resolved "https://registry.yarnpkg.com/@esbuild/linux-riscv64/-/linux-riscv64-0.17.19.tgz#7f49373df463cd9f41dc34f9b2262d771688bf09"
  integrity sha512-FC3nUAWhvFoutlhAkgHf8f5HwFWUL6bYdvLc/TTuxKlvLi3+pPzdZiFKSWz/PF30TB1K19SuCxDTI5KcqASJqA==

"@esbuild/linux-s390x@0.17.19":
  version "0.17.19"
  resolved "https://registry.yarnpkg.com/@esbuild/linux-s390x/-/linux-s390x-0.17.19.tgz#e2afd1afcaf63afe2c7d9ceacd28ec57c77f8829"
  integrity sha512-IbFsFbxMWLuKEbH+7sTkKzL6NJmG2vRyy6K7JJo55w+8xDk7RElYn6xvXtDW8HCfoKBFK69f3pgBJSUSQPr+4Q==

"@esbuild/linux-x64@0.17.19":
  version "0.17.19"
  resolved "https://registry.yarnpkg.com/@esbuild/linux-x64/-/linux-x64-0.17.19.tgz#8a0e9738b1635f0c53389e515ae83826dec22aa4"
  integrity sha512-68ngA9lg2H6zkZcyp22tsVt38mlhWde8l3eJLWkyLrp4HwMUr3c1s/M2t7+kHIhvMjglIBrFpncX1SzMckomGw==

"@esbuild/netbsd-x64@0.17.19":
  version "0.17.19"
  resolved "https://registry.yarnpkg.com/@esbuild/netbsd-x64/-/netbsd-x64-0.17.19.tgz#c29fb2453c6b7ddef9a35e2c18b37bda1ae5c462"
  integrity sha512-CwFq42rXCR8TYIjIfpXCbRX0rp1jo6cPIUPSaWwzbVI4aOfX96OXY8M6KNmtPcg7QjYeDmN+DD0Wp3LaBOLf4Q==

"@esbuild/openbsd-x64@0.17.19":
  version "0.17.19"
  resolved "https://registry.yarnpkg.com/@esbuild/openbsd-x64/-/openbsd-x64-0.17.19.tgz#95e75a391403cb10297280d524d66ce04c920691"
  integrity sha512-cnq5brJYrSZ2CF6c35eCmviIN3k3RczmHz8eYaVlNasVqsNY+JKohZU5MKmaOI+KkllCdzOKKdPs762VCPC20g==

"@esbuild/sunos-x64@0.17.19":
  version "0.17.19"
  resolved "https://registry.yarnpkg.com/@esbuild/sunos-x64/-/sunos-x64-0.17.19.tgz#722eaf057b83c2575937d3ffe5aeb16540da7273"
  integrity sha512-vCRT7yP3zX+bKWFeP/zdS6SqdWB8OIpaRq/mbXQxTGHnIxspRtigpkUcDMlSCOejlHowLqII7K2JKevwyRP2rg==

"@esbuild/win32-arm64@0.17.19":
  version "0.17.19"
  resolved "https://registry.yarnpkg.com/@esbuild/win32-arm64/-/win32-arm64-0.17.19.tgz#9aa9dc074399288bdcdd283443e9aeb6b9552b6f"
  integrity sha512-yYx+8jwowUstVdorcMdNlzklLYhPxjniHWFKgRqH7IFlUEa0Umu3KuYplf1HUZZ422e3NU9F4LGb+4O0Kdcaag==

"@esbuild/win32-ia32@0.17.19":
  version "0.17.19"
  resolved "https://registry.yarnpkg.com/@esbuild/win32-ia32/-/win32-ia32-0.17.19.tgz#95ad43c62ad62485e210f6299c7b2571e48d2b03"
  integrity sha512-eggDKanJszUtCdlVs0RB+h35wNlb5v4TWEkq4vZcmVt5u/HiDZrTXe2bWFQUez3RgNHwx/x4sk5++4NSSicKkw==

"@esbuild/win32-x64@0.17.19":
  version "0.17.19"
  resolved "https://registry.yarnpkg.com/@esbuild/win32-x64/-/win32-x64-0.17.19.tgz#8cfaf2ff603e9aabb910e9c0558c26cf32744061"
  integrity sha512-lAhycmKnVOuRYNtRtatQR1LPQf2oYCkRGkSFnseDAKPl8lu5SOsK/e1sXe5a0Pc5kHIHe6P2I/ilntNv2xf3cA==

"@refinedev/core@^4.22.0":
  version "4.22.0"
  resolved "https://registry.yarnpkg.com/@refinedev/core/-/core-4.22.0.tgz#4bf1c24155901e08c7f7e0eb9aab152fb5129554"
  integrity sha512-oXI0RCG6ujQLe0PyVcNaVzf/+YhSSnYECFp+VzcIXUBOyeO6/M0V1DKc/Cp4ubmP/zf0UR89VqPM3IcXNhtIeA==
  dependencies:
    "@tanstack/react-query" "^4.10.1"
    "@tanstack/react-query-devtools" "^4.10.1"
    export-to-csv-fix-source-map "^0.2.1"
    lodash "^4.17.21"
    lodash-es "^4.17.21"
    papaparse "^5.3.0"
    pluralize "^8.0.0"
    qs "^6.10.1"
    tslib "^2.3.1"
    warn-once "^0.1.0"

"@tanstack/match-sorter-utils@^8.7.0":
  version "8.8.4"
  resolved "https://registry.yarnpkg.com/@tanstack/match-sorter-utils/-/match-sorter-utils-8.8.4.tgz#0b2864d8b7bac06a9f84cb903d405852cc40a457"
  integrity sha512-rKH8LjZiszWEvmi01NR72QWZ8m4xmXre0OOwlRGnjU01Eqz/QnN+cqpty2PJ0efHblq09+KilvyR7lsbzmXVEw==
  dependencies:
    remove-accents "0.4.2"

"@tanstack/query-core@4.29.15":
  version "4.29.15"
  resolved "https://registry.yarnpkg.com/@tanstack/query-core/-/query-core-4.29.15.tgz#6f8721341dbece517326a8e402d29ea3365538a8"
  integrity sha512-Recc1d5rjHesKhzlH3Aw66v+vQxtB9OHEXP/vxgEcEJ0DwEpfe3EQ4id20vuBJHY2XRjfgWGmUs6ZgK6PSsTXA==

"@tanstack/react-query-devtools@^4.10.1":
  version "4.29.15"
  resolved "https://registry.yarnpkg.com/@tanstack/react-query-devtools/-/react-query-devtools-4.29.15.tgz#130de964efc6e4d551978f93952d12300fd686a2"
  integrity sha512-Mtt0c4xNVuo8T6K5+wQZ8hgL8wme99M/+XPwgLDS34PjmTPJs7kWyUuweNyWQZZZsUpAts69k4Dssh+nB5rwsg==
  dependencies:
    "@tanstack/match-sorter-utils" "^8.7.0"
    superjson "^1.10.0"
    use-sync-external-store "^1.2.0"

"@tanstack/react-query@^4.10.1":
  version "4.29.15"
  resolved "https://registry.yarnpkg.com/@tanstack/react-query/-/react-query-4.29.15.tgz#83598e46964185199c59757e6b9c63c15eff81c1"
  integrity sha512-1zDkv95ljuJ623hhbYU8YIprPW2x6774kh3IQNEuZav62+S+Zr26uUOrE2zGRp9I1uO5Liw/0uYB3dWXQP5+3Q==
  dependencies:
    "@tanstack/query-core" "4.29.15"
    use-sync-external-store "^1.2.0"

asynckit@^0.4.0:
  version "0.4.0"
  resolved "https://registry.yarnpkg.com/asynckit/-/asynckit-0.4.0.tgz#c79ed97f7f34cb8f2ba1bc9790bcc366474b4b79"
  integrity sha512-Oei9OH4tRh0YqU3GxhX79dM/mwVgvbZJaSNaRk+bshkj0S5cfHcgYakreBjrHwatXKbz+IoIdYLxrKim2MjW0Q==

axios@^1.4.0:
  version "1.4.0"
  resolved "https://registry.yarnpkg.com/axios/-/axios-1.4.0.tgz#38a7bf1224cd308de271146038b551d725f0be1f"
  integrity sha512-S4XCWMEmzvo64T9GfvQDOXgYRDJ/wsSZc7Jvdgx5u1sd0JwsuPLqb3SYmusag+edF6ziyMensPVqLTSc1PiSEA==
  dependencies:
    follow-redirects "^1.15.0"
    form-data "^4.0.0"
    proxy-from-env "^1.1.0"

call-bind@^1.0.0:
  version "1.0.2"
  resolved "https://registry.yarnpkg.com/call-bind/-/call-bind-1.0.2.tgz#b1d4e89e688119c3c9a903ad30abb2f6a919be3c"
  integrity sha512-7O+FbCihrB5WGbFYesctwmTKae6rOiIzmz1icreWJ+0aA7LJfuqhEso2T9ncpcFtzMQtzXf2QGGueWJGTYsqrA==
  dependencies:
    function-bind "^1.1.1"
    get-intrinsic "^1.0.2"

combined-stream@^1.0.8:
  version "1.0.8"
  resolved "https://registry.yarnpkg.com/combined-stream/-/combined-stream-1.0.8.tgz#c3d45a8b34fd730631a110a8a2520682b31d5a7f"
  integrity sha512-FQN4MRfuJeHf7cBbBMJFXhKSDq+2kAArBlmRBvcvFE5BB1HZKXtSFASDhdlz9zOYwxh8lDdnvmMOe/+5cdoEdg==
  dependencies:
    delayed-stream "~1.0.0"

copy-anything@^3.0.2:
  version "3.0.5"
  resolved "https://registry.yarnpkg.com/copy-anything/-/copy-anything-3.0.5.tgz#2d92dce8c498f790fa7ad16b01a1ae5a45b020a0"
  integrity sha512-yCEafptTtb4bk7GLEQoM8KVJpxAfdBJYaXyzQEgQQQgYrZiDp8SJmGKlYza6CYjEDNstAdNdKA3UuoULlEbS6w==
  dependencies:
    is-what "^4.1.8"

decode-uri-component@^0.2.2:
  version "0.2.2"
  resolved "https://registry.yarnpkg.com/decode-uri-component/-/decode-uri-component-0.2.2.tgz#e69dbe25d37941171dd540e024c444cd5188e1e9"
  integrity sha512-FqUYQ+8o158GyGTrMFJms9qh3CqTKvAqgqsTnkLI8sKu0028orqBhxNMFkFen0zGyg6epACD32pjVk58ngIErQ==

delayed-stream@~1.0.0:
  version "1.0.0"
  resolved "https://registry.yarnpkg.com/delayed-stream/-/delayed-stream-1.0.0.tgz#df3ae199acadfb7d440aaae0b29e2272b24ec619"
  integrity sha512-ZySD7Nf91aLB0RxL4KGrKHBXl7Eds1DAmEdcoVawXnLD7SDhpNgtuII2aAkg7a7QS41jxPSZ17p4VdGnMHk3MQ==

esbuild@^0.17.5:
  version "0.17.19"
  resolved "https://registry.yarnpkg.com/esbuild/-/esbuild-0.17.19.tgz#087a727e98299f0462a3d0bcdd9cd7ff100bd955"
  integrity sha512-XQ0jAPFkK/u3LcVRcvVHQcTIqD6E2H1fvZMA5dQPSOWb3suUbWbfbRf94pjc0bNzRYLfIrDRQXr7X+LHIm5oHw==
  optionalDependencies:
    "@esbuild/android-arm" "0.17.19"
    "@esbuild/android-arm64" "0.17.19"
    "@esbuild/android-x64" "0.17.19"
    "@esbuild/darwin-arm64" "0.17.19"
    "@esbuild/darwin-x64" "0.17.19"
    "@esbuild/freebsd-arm64" "0.17.19"
    "@esbuild/freebsd-x64" "0.17.19"
    "@esbuild/linux-arm" "0.17.19"
    "@esbuild/linux-arm64" "0.17.19"
    "@esbuild/linux-ia32" "0.17.19"
    "@esbuild/linux-loong64" "0.17.19"
    "@esbuild/linux-mips64el" "0.17.19"
    "@esbuild/linux-ppc64" "0.17.19"
    "@esbuild/linux-riscv64" "0.17.19"
    "@esbuild/linux-s390x" "0.17.19"
    "@esbuild/linux-x64" "0.17.19"
    "@esbuild/netbsd-x64" "0.17.19"
    "@esbuild/openbsd-x64" "0.17.19"
    "@esbuild/sunos-x64" "0.17.19"
    "@esbuild/win32-arm64" "0.17.19"
    "@esbuild/win32-ia32" "0.17.19"
    "@esbuild/win32-x64" "0.17.19"

export-to-csv-fix-source-map@^0.2.1:
  version "0.2.1"
  resolved "https://registry.yarnpkg.com/export-to-csv-fix-source-map/-/export-to-csv-fix-source-map-0.2.1.tgz#820020401ae7a29e3d08b9f863c03a112038bb8e"
  integrity sha512-02CGZG9Kduc0l9ErJ5b+99+PjeQIyoeVGz+f7/Yc04V4YKNPbdT63sQqBC5RW05va4w0MZen7pQpf92H3funYw==

filter-obj@^1.1.0:
  version "1.1.0"
  resolved "https://registry.yarnpkg.com/filter-obj/-/filter-obj-1.1.0.tgz#9b311112bc6c6127a16e016c6c5d7f19e0805c5b"
  integrity sha512-8rXg1ZnX7xzy2NGDVkBVaAy+lSlPNwad13BtgSlLuxfIslyt5Vg64U7tFcCt4WS1R0hvtnQybT/IyCkGZ3DpXQ==

follow-redirects@^1.15.0:
  version "1.15.2"
  resolved "https://registry.yarnpkg.com/follow-redirects/-/follow-redirects-1.15.2.tgz#b460864144ba63f2681096f274c4e57026da2c13"
  integrity sha512-VQLG33o04KaQ8uYi2tVNbdrWp1QWxNNea+nmIB4EVM28v0hmP17z7aG1+wAkNzVq4KeXTq3221ye5qTJP91JwA==

form-data@^4.0.0:
  version "4.0.0"
  resolved "https://registry.yarnpkg.com/form-data/-/form-data-4.0.0.tgz#93919daeaf361ee529584b9b31664dc12c9fa452"
  integrity sha512-ETEklSGi5t0QMZuiXoA/Q6vcnxcLQP5vdugSpuAyi6SVGi2clPPp+xgEhuMaHC+zGgn31Kd235W35f7Hykkaww==
  dependencies:
    asynckit "^0.4.0"
    combined-stream "^1.0.8"
    mime-types "^2.1.12"

fsevents@~2.3.2:
  version "2.3.2"
  resolved "https://registry.yarnpkg.com/fsevents/-/fsevents-2.3.2.tgz#8a526f78b8fdf4623b709e0b975c52c24c02fd1a"
  integrity sha512-xiqMQR4xAeHTuB9uWm+fFRcIOgKBMiOBP+eXiyT7jsgVCq1bkVygt00oASowB7EdtpOHaaPgKt812P9ab+DDKA==

function-bind@^1.1.1:
  version "1.1.1"
  resolved "https://registry.yarnpkg.com/function-bind/-/function-bind-1.1.1.tgz#a56899d3ea3c9bab874bb9773b7c5ede92f4895d"
  integrity sha512-yIovAzMX49sF8Yl58fSCWJ5svSLuaibPxXQJFLmBObTuCr0Mf1KiPopGM9NiFjiYBCbfaa2Fh6breQ6ANVTI0A==

get-intrinsic@^1.0.2:
  version "1.2.1"
  resolved "https://registry.yarnpkg.com/get-intrinsic/-/get-intrinsic-1.2.1.tgz#d295644fed4505fc9cde952c37ee12b477a83d82"
  integrity sha512-2DcsyfABl+gVHEfCOaTrWgyt+tb6MSEGmKq+kI5HwLbIYgjgmMcV8KQ41uaKz1xxUcn9tJtgFbQUEVcEbd0FYw==
  dependencies:
    function-bind "^1.1.1"
    has "^1.0.3"
    has-proto "^1.0.1"
    has-symbols "^1.0.3"

has-proto@^1.0.1:
  version "1.0.1"
  resolved "https://registry.yarnpkg.com/has-proto/-/has-proto-1.0.1.tgz#1885c1305538958aff469fef37937c22795408e0"
  integrity sha512-7qE+iP+O+bgF9clE5+UoBFzE65mlBiVj3tKCrlNQ0Ogwm0BjpT/gK4SlLYDMybDh5I3TCTKnPPa0oMG7JDYrhg==

has-symbols@^1.0.3:
  version "1.0.3"
  resolved "https://registry.yarnpkg.com/has-symbols/-/has-symbols-1.0.3.tgz#bb7b2c4349251dce87b125f7bdf874aa7c8b39f8"
  integrity sha512-l3LCuF6MgDNwTDKkdYGEihYjt5pRPbEg46rtlmnSPlUbgmB8LOIrKJbYYFBSbnPaJexMKtiPO8hmeRjRz2Td+A==

has@^1.0.3:
  version "1.0.3"
  resolved "https://registry.yarnpkg.com/has/-/has-1.0.3.tgz#722d7cbfc1f6aa8241f16dd814e011e1f41e8796"
  integrity sha512-f2dvO0VU6Oej7RkWJGrehjbzMAjFp5/VKPp5tTpWIV4JHHZK1/BxbFRtf/siA2SWTe09caDmVtYYzWEIbBS4zw==
  dependencies:
    function-bind "^1.1.1"

is-what@^4.1.8:
  version "4.1.15"
  resolved "https://registry.yarnpkg.com/is-what/-/is-what-4.1.15.tgz#de43a81090417a425942d67b1ae86e7fae2eee0e"
  integrity sha512-uKua1wfy3Yt+YqsD6mTUEa2zSi3G1oPlqTflgaPJ7z63vUGN5pxFpnQfeSLMFnJDEsdvOtkp1rUWkYjB4YfhgA==

lodash-es@^4.17.21:
  version "4.17.21"
  resolved "https://registry.yarnpkg.com/lodash-es/-/lodash-es-4.17.21.tgz#43e626c46e6591b7750beb2b50117390c609e3ee"
  integrity sha512-mKnC+QJ9pWVzv+C4/U3rRsHapFfHvQFoFB92e52xeyGMcX6/OlIl78je1u8vePzYZSkkogMPJ2yjxxsb89cxyw==

lodash@^4.17.21:
  version "4.17.21"
  resolved "https://registry.yarnpkg.com/lodash/-/lodash-4.17.21.tgz#679591c564c3bffaae8454cf0b3df370c3d6911c"
  integrity sha512-v2kDEe57lecTulaDIuNTPy3Ry4gLGJ6Z1O3vE1krgXZNrsQ+LFTGHVxVjcXPs17LhbZVGedAJv8XZ1tvj5FvSg==

mime-db@1.52.0:
  version "1.52.0"
  resolved "https://registry.yarnpkg.com/mime-db/-/mime-db-1.52.0.tgz#bbabcdc02859f4987301c856e3387ce5ec43bf70"
  integrity sha512-sPU4uV7dYlvtWJxwwxHD0PuihVNiE7TyAbQ5SWxDCB9mUYvOgroQOwYQQOKPJ8CIbE+1ETVlOoK1UC2nU3gYvg==

mime-types@^2.1.12:
  version "2.1.35"
  resolved "https://registry.yarnpkg.com/mime-types/-/mime-types-2.1.35.tgz#381a871b62a734450660ae3deee44813f70d959a"
  integrity sha512-ZDY+bPm5zTTF+YpCrAU9nK0UgICYPT0QtT1NZWFv4s++TNkcgVaT0g6+4R2uI4MjQjzysHB1zxuWL50hzaeXiw==
  dependencies:
    mime-db "1.52.0"

nanoid@^3.3.6:
  version "3.3.6"
  resolved "https://registry.yarnpkg.com/nanoid/-/nanoid-3.3.6.tgz#443380c856d6e9f9824267d960b4236ad583ea4c"
  integrity sha512-BGcqMMJuToF7i1rt+2PWSNVnWIkGCU78jBG3RxO/bZlnZPK2Cmi2QaffxGO/2RvWi9sL+FAiRiXMgsyxQ1DIDA==

object-inspect@^1.9.0:
  version "1.12.3"
  resolved "https://registry.yarnpkg.com/object-inspect/-/object-inspect-1.12.3.tgz#ba62dffd67ee256c8c086dfae69e016cd1f198b9"
  integrity sha512-geUvdk7c+eizMNUDkRpW1wJwgfOiOeHbxBR/hLXK1aT6zmVSO0jsQcs7fj6MGw89jC/cjGfLcNOrtMYtGqm81g==

papaparse@^5.3.0:
  version "5.4.1"
  resolved "https://registry.yarnpkg.com/papaparse/-/papaparse-5.4.1.tgz#f45c0f871853578bd3a30f92d96fdcfb6ebea127"
  integrity sha512-HipMsgJkZu8br23pW15uvo6sib6wne/4woLZPlFf3rpDyMe9ywEXUsuD7+6K9PRkJlVT51j/sCOYDKGGS3ZJrw==

picocolors@^1.0.0:
  version "1.0.0"
  resolved "https://registry.yarnpkg.com/picocolors/-/picocolors-1.0.0.tgz#cb5bdc74ff3f51892236eaf79d68bc44564ab81c"
  integrity sha512-1fygroTLlHu66zi26VoTDv8yRgm0Fccecssto+MhsZ0D/DGW2sm8E8AjW7NU5VVTRt5GxbeZ5qBuJr+HyLYkjQ==

pluralize@^8.0.0:
  version "8.0.0"
  resolved "https://registry.yarnpkg.com/pluralize/-/pluralize-8.0.0.tgz#1a6fa16a38d12a1901e0320fa017051c539ce3b1"
  integrity sha512-Nc3IT5yHzflTfbjgqWcCPpo7DaKy4FnpB0l/zCAW0Tc7jxAiuqSxHasntB3D7887LSrA93kDJ9IXovxJYxyLCA==

postcss@^8.4.23:
  version "8.4.24"
  resolved "https://registry.yarnpkg.com/postcss/-/postcss-8.4.24.tgz#f714dba9b2284be3cc07dbd2fc57ee4dc972d2df"
  integrity sha512-M0RzbcI0sO/XJNucsGjvWU9ERWxb/ytp1w6dKtxTKgixdtQDq4rmx/g8W1hnaheq9jgwL/oyEdH5Bc4WwJKMqg==
  dependencies:
    nanoid "^3.3.6"
    picocolors "^1.0.0"
    source-map-js "^1.0.2"

proxy-from-env@^1.1.0:
  version "1.1.0"
  resolved "https://registry.yarnpkg.com/proxy-from-env/-/proxy-from-env-1.1.0.tgz#e102f16ca355424865755d2c9e8ea4f24d58c3e2"
  integrity sha512-D+zkORCbA9f1tdWRK0RaCR3GPv50cMxcrz4X8k5LTSUD1Dkw47mKJEZQNunItRTkWwgtaUSo1RVFRIG9ZXiFYg==

qs@^6.10.1:
  version "6.11.2"
  resolved "https://registry.yarnpkg.com/qs/-/qs-6.11.2.tgz#64bea51f12c1f5da1bc01496f48ffcff7c69d7d9"
  integrity sha512-tDNIz22aBzCDxLtVH++VnTfzxlfeK5CbqohpSqpJgj1Wg/cQbStNAz3NuqCs5vV+pjBsK4x4pN9HlVh7rcYRiA==
  dependencies:
    side-channel "^1.0.4"

query-string@7.1.3:
  version "7.1.3"
  resolved "https://registry.yarnpkg.com/query-string/-/query-string-7.1.3.tgz#a1cf90e994abb113a325804a972d98276fe02328"
  integrity sha512-hh2WYhq4fi8+b+/2Kg9CEge4fDPvHS534aOOvOZeQ3+Vf2mCFsaFBYj0i+iXcAq6I9Vzp5fjMFBlONvayDC1qg==
  dependencies:
    decode-uri-component "^0.2.2"
    filter-obj "^1.1.0"
    split-on-first "^1.0.0"
    strict-uri-encode "^2.0.0"

remove-accents@0.4.2:
  version "0.4.2"
  resolved "https://registry.yarnpkg.com/remove-accents/-/remove-accents-0.4.2.tgz#0a43d3aaae1e80db919e07ae254b285d9e1c7bb5"
  integrity sha512-7pXIJqJOq5tFgG1A2Zxti3Ht8jJF337m4sowbuHsW30ZnkQFnDzy9qBNhgzX8ZLW4+UBcXiiR7SwR6pokHsxiA==

rollup@^3.21.0:
  version "3.25.1"
  resolved "https://registry.yarnpkg.com/rollup/-/rollup-3.25.1.tgz#9fff79d22ff1a904b2b595a2fb9bc3793cb987d8"
  integrity sha512-tywOR+rwIt5m2ZAWSe5AIJcTat8vGlnPFAv15ycCrw33t6iFsXZ6mzHVFh2psSjxQPmI+xgzMZZizUAukBI4aQ==
  optionalDependencies:
    fsevents "~2.3.2"

side-channel@^1.0.4:
  version "1.0.4"
  resolved "https://registry.yarnpkg.com/side-channel/-/side-channel-1.0.4.tgz#efce5c8fdc104ee751b25c58d4290011fa5ea2cf"
  integrity sha512-q5XPytqFEIKHkGdiMIrY10mvLRvnQh42/+GoBlFW3b2LXLE2xxJpZFdm94we0BaoV3RwJyGqg5wS7epxTv0Zvw==
  dependencies:
    call-bind "^1.0.0"
    get-intrinsic "^1.0.2"
    object-inspect "^1.9.0"

source-map-js@^1.0.2:
  version "1.0.2"
  resolved "https://registry.yarnpkg.com/source-map-js/-/source-map-js-1.0.2.tgz#adbc361d9c62df380125e7f161f71c826f1e490c"
  integrity sha512-R0XvVJ9WusLiqTCEiGCmICCMplcCkIwwR11mOSD9CR5u+IXYdiseeEuXCVAjS54zqwkLcPNnmU4OeJ6tUrWhDw==

split-on-first@^1.0.0:
  version "1.1.0"
  resolved "https://registry.yarnpkg.com/split-on-first/-/split-on-first-1.1.0.tgz#f610afeee3b12bce1d0c30425e76398b78249a5f"
  integrity sha512-43ZssAJaMusuKWL8sKUBQXHWOpq8d6CfN/u1p4gUzfJkM05C8rxTmYrkIPTXapZpORA6LkkzcUulJ8FqA7Uudw==

strict-uri-encode@^2.0.0:
  version "2.0.0"
  resolved "https://registry.yarnpkg.com/strict-uri-encode/-/strict-uri-encode-2.0.0.tgz#b9c7330c7042862f6b142dc274bbcc5866ce3546"
  integrity sha512-QwiXZgpRcKkhTj2Scnn++4PKtWsH0kpzZ62L2R6c/LUVYv7hVnZqcg2+sMuT6R7Jusu1vviK/MFsu6kNJfWlEQ==

superjson@^1.10.0:
  version "1.12.3"
  resolved "https://registry.yarnpkg.com/superjson/-/superjson-1.12.3.tgz#383aacfd795c6eef24c383c70154c6cbbcbfb31a"
  integrity sha512-0j+U70KUtP8+roVPbwfqkyQI7lBt7ETnuA7KXbTDX3mCKiD/4fXs2ldKSMdt0MCfpTwiMxo20yFU3vu6ewETpQ==
  dependencies:
    copy-anything "^3.0.2"

tslib@^2.3.1:
  version "2.5.3"
  resolved "https://registry.yarnpkg.com/tslib/-/tslib-2.5.3.tgz#24944ba2d990940e6e982c4bea147aba80209913"
  integrity sha512-mSxlJJwl3BMEQCUNnxXBU9jP4JBktcEGhURcPR6VQVlnP0FdDEsIaz0C35dXNGLyRfrATNofF0F5p2KPxQgB+w==

typescript@^5.0.2:
  version "5.1.3"
  resolved "https://registry.yarnpkg.com/typescript/-/typescript-5.1.3.tgz#8d84219244a6b40b6fb2b33cc1c062f715b9e826"
  integrity sha512-XH627E9vkeqhlZFQuL+UsyAXEnibT0kWR2FWONlr4sTjvxyJYnyefgrkyECLzM5NenmKzRAy2rR/OlYLA1HkZw==

use-sync-external-store@^1.2.0:
  version "1.2.0"
  resolved "https://registry.yarnpkg.com/use-sync-external-store/-/use-sync-external-store-1.2.0.tgz#7dbefd6ef3fe4e767a0cf5d7287aacfb5846928a"
  integrity sha512-eEgnFxGQ1Ife9bzYs6VLi8/4X6CObHMw9Qr9tPY43iKwsPw8xE8+EFsf/2cFZ5S3esXgpWgtSCtLNS41F+sKPA==

vite@^4.3.9:
  version "4.3.9"
  resolved "https://registry.yarnpkg.com/vite/-/vite-4.3.9.tgz#db896200c0b1aa13b37cdc35c9e99ee2fdd5f96d"
  integrity sha512-qsTNZjO9NoJNW7KnOrgYwczm0WctJ8m/yqYAMAK9Lxt4SoySUfS5S8ia9K7JHpa3KEeMfyF8LoJ3c5NeBJy6pg==
  dependencies:
    esbuild "^0.17.5"
    postcss "^8.4.23"
    rollup "^3.21.0"
  optionalDependencies:
    fsevents "~2.3.2"

warn-once@^0.1.0:
  version "0.1.1"
  resolved "https://registry.yarnpkg.com/warn-once/-/warn-once-0.1.1.tgz#952088f4fb56896e73fd4e6a3767272a3fccce43"
  integrity sha512-VkQZJbO8zVImzYFteBXvBOZEl1qL175WH8VmZcxF2fZAoudNhNDvHi+doCaAEdU2l2vtcIwa2zn0QK5+I1HQ3Q==
